dependencies:
- name: argo-cd
  repository: https://argoproj.github.io/argo-helm
  version: 7.4.2
- name: sulfoxide-bromine
  repository: oci://ghcr.io/atomicloud/sulfoxide.bromine
  version: 1.5.1
digest: sha256:1db622c36e897956269e46a0984054f04d6cee2a11407c4db6183b7fb31d797e
generated: "2024-08-10T20:12:09.112575+08:00"
