dependencies:
- name: argo-cd
  repository: https://argoproj.github.io/argo-helm
  version: 5.46.7
- name: sulfoxide-bromine
  repository: oci://ghcr.io/atomicloud/sulfoxide.bromine
  version: 1.2.2
digest: sha256:3a3c34b5ea0c857fc0902c3590eb1b1a58f0e594ba3483a24abbb06a96162baf
generated: "2023-10-21T00:07:09.200787+08:00"
