dependencies:
- name: argo-cd
  repository: https://argoproj.github.io/argo-helm
  version: 5.46.7
- name: sulfoxide-bromine
  repository: oci://ghcr.io/atomicloud/sulfoxide.bromine
  version: 1.1.0
digest: sha256:5deffffd581e335f91f8554162e99beb8fc0054bb17aeba67ff7644c1c7040fb
generated: "2023-09-30T21:00:08.923593+08:00"
